
Microsoft Visual Studio Solution File, Format Version 12.00
# Visual Studio Version 17
VisualStudioVersion = 17.7.34221.43
MinimumVisualStudioVersion = 10.0.40219.1
Project("{FAE04EC0-301F-11D3-BF4B-00C04F79EFBC}") = "App03", "App03\App03.csproj", "{253175A6-11AB-457F-A3E2-2C9A766F65AF}"
EndProject
Global
	GlobalSection(SolutionConfigurationPlatforms) = preSolution
		Debug|Any CPU = Debug|Any CPU
		Release|Any CPU = Release|Any CPU
	EndGlobalSection
	GlobalSection(ProjectConfigurationPlatforms) = postSolution
		{253175A6-11AB-457F-A3E2-2C9A766F65AF}.Debug|Any CPU.ActiveCfg = Debug|Any CPU
		{253175A6-11AB-457F-A3E2-2C9A766F65AF}.Debug|Any CPU.Build.0 = Debug|Any CPU
		{253175A6-11AB-457F-A3E2-2C9A766F65AF}.Release|Any CPU.ActiveCfg = Release|Any CPU
		{253175A6-11AB-457F-A3E2-2C9A766F65AF}.Release|Any CPU.Build.0 = Release|Any CPU
	EndGlobalSection
	GlobalSection(SolutionProperties) = preSolution
		HideSolutionNode = FALSE
	EndGlobalSection
	GlobalSection(ExtensibilityGlobals) = postSolution
		SolutionGuid = {1BBC31E3-AE0C-4923-974B-090E3C9172C4}
	EndGlobalSection
EndGlobal
